version: 5
environments:
  default:
    channels:
    - url: https://conda.anaconda.org/conda-forge/
    indexes:
    - https://pypi.org/simple
    packages:
      win-64:
      - conda: https://conda.anaconda.org/conda-forge/win-64/bzip2-1.0.8-h2466b09_7.conda
      - conda: https://conda.anaconda.org/conda-forge/win-64/ca-certificates-2024.7.4-h56e8100_0.conda
      - conda: https://conda.anaconda.org/conda-forge/win-64/libexpat-2.6.2-h63175ca_0.conda
      - conda: https://conda.anaconda.org/conda-forge/win-64/libffi-3.4.2-h8ffe710_5.tar.bz2
      - conda: https://conda.anaconda.org/conda-forge/win-64/libsqlite-3.46.0-h2466b09_0.conda
      - conda: https://conda.anaconda.org/conda-forge/win-64/libzlib-1.3.1-h2466b09_1.conda
      - conda: https://conda.anaconda.org/conda-forge/win-64/openssl-3.3.1-h2466b09_3.conda
      - conda: https://conda.anaconda.org/conda-forge/win-64/python-3.12.5-h889d299_0_cpython.conda
      - conda: https://conda.anaconda.org/conda-forge/win-64/tk-8.6.13-h5226925_1.conda
      - conda: https://conda.anaconda.org/conda-forge/noarch/tzdata-2024a-h8827d51_1.conda
      - conda: https://conda.anaconda.org/conda-forge/win-64/ucrt-10.0.22621.0-h57928b3_0.tar.bz2
      - conda: https://conda.anaconda.org/conda-forge/win-64/vc-14.3-h8a93ad2_20.conda
      - conda: https://conda.anaconda.org/conda-forge/win-64/vc14_runtime-14.40.33810-hcc2c482_20.conda
      - conda: https://conda.anaconda.org/conda-forge/win-64/vs2015_runtime-14.40.33810-h3bf8584_20.conda
      - conda: https://conda.anaconda.org/conda-forge/win-64/xz-5.2.6-h8d14728_0.tar.bz2
      - pypi: https://files.pythonhosted.org/packages/9b/52/4a86a4fa1cc2aae79137cc9510b7080c3e5aede2310d14fae5486feec7f7/altair-5.4.1-py3-none-any.whl
      - pypi: https://files.pythonhosted.org/packages/6a/21/5b6702a7f963e95456c0de2d495f67bf5fd62840ac655dc451586d23d39a/attrs-24.2.0-py3-none-any.whl
      - pypi: https://files.pythonhosted.org/packages/bb/2a/10164ed1f31196a2f7f3799368a821765c62851ead0e630ab52b8e14b4d0/blinker-1.8.2-py3-none-any.whl
      - pypi: https://files.pythonhosted.org/packages/a4/07/14f8ad37f2d12a5ce41206c21820d8cb6561b728e51fad4530dff0552a67/cachetools-5.5.0-py3-none-any.whl
      - pypi: https://files.pythonhosted.org/packages/1c/d5/c84e1a17bf61d4df64ca866a1c9a913874b4e9bdc131ec689a0ad013fb36/certifi-2024.7.4-py3-none-any.whl
      - pypi: https://files.pythonhosted.org/packages/b6/7c/8debebb4f90174074b827c63242c23851bdf00a532489fba57fef3416e40/charset_normalizer-3.3.2-cp312-cp312-win_amd64.whl
      - pypi: https://files.pythonhosted.org/packages/00/2e/d53fa4befbf2cfa713304affc7ca780ce4fc1fd8710527771b58311a3229/click-8.1.7-py3-none-any.whl
      - pypi: https://files.pythonhosted.org/packages/d1/d6/3965ed04c63042e047cb6a3e6ed1a63a35087b6a609aa3a15ed8ac56c221/colorama-0.4.6-py2.py3-none-any.whl
      - pypi: https://files.pythonhosted.org/packages/fd/5b/8f0c4a5bb9fd491c277c21eff7ccae71b47d43c4446c9d0c6cff2fe8c2c4/gitdb-4.0.11-py3-none-any.whl
      - pypi: https://files.pythonhosted.org/packages/e9/bd/cc3a402a6439c15c3d4294333e13042b915bbeab54edc457c723931fed3f/GitPython-3.1.43-py3-none-any.whl
      - pypi: https://files.pythonhosted.org/packages/22/7e/d71db821f177828df9dea8c42ac46473366f191be53080e552e628aad991/idna-3.8-py3-none-any.whl
      - pypi: https://files.pythonhosted.org/packages/31/80/3a54838c3fb461f6fec263ebf3a3a41771bd05190238de3486aae8540c36/jinja2-3.1.4-py3-none-any.whl
      - pypi: https://files.pythonhosted.org/packages/69/4a/4f9dbeb84e8850557c02365a0eee0649abe5eb1d84af92a25731c6c0f922/jsonschema-4.23.0-py3-none-any.whl
      - pypi: https://files.pythonhosted.org/packages/ee/07/44bd408781594c4d0a027666ef27fab1e441b109dc3b76b4f836f8fd04fe/jsonschema_specifications-2023.12.1-py3-none-any.whl
      - pypi: https://files.pythonhosted.org/packages/42/d7/1ec15b46af6af88f19b8e5ffea08fa375d433c998b8a7639e76935c14f1f/markdown_it_py-3.0.0-py3-none-any.whl
      - pypi: https://files.pythonhosted.org/packages/3f/14/c3554d512d5f9100a95e737502f4a2323a1959f6d0d01e0d0997b35f7b10/MarkupSafe-2.1.5-cp312-cp312-win_amd64.whl
      - pypi: https://files.pythonhosted.org/packages/b3/38/89ba8ad64ae25be8de66a6d463314cf1eb366222074cfda9ee839c56a4b4/mdurl-0.1.2-py3-none-any.whl
      - pypi: https://files.pythonhosted.org/packages/54/9d/1933bce890b9cb0a6aa392b7fb1e0070a27f92009131d2f85cc8dfbb707e/narwhals-1.5.5-py3-none-any.whl
      - pypi: https://files.pythonhosted.org/packages/8c/bf/d9d214a9dff020ad1663f1536f45d34e052e4c7f630c46cd363e785e3231/numpy-2.1.0-cp312-cp312-win_amd64.whl
      - pypi: https://files.pythonhosted.org/packages/26/d0/22f68eb23eea053a31655960f133c0be9726c6a881547e6e9e7e2a946c4f/opencv_python_headless-4.10.0.84-cp37-abi3-win_amd64.whl
      - pypi: https://files.pythonhosted.org/packages/08/aa/cc0199a5f0ad350994d660967a8efb233fe0416e4639146c089643407ce6/packaging-24.1-py3-none-any.whl
      - pypi: https://files.pythonhosted.org/packages/22/a5/a0b255295406ed54269814bc93723cfd1a0da63fb9aaf99e1364f07923e5/pandas-2.2.2-cp312-cp312-win_amd64.whl
      - pypi: https://files.pythonhosted.org/packages/74/0a/d4ce3c44bca8635bd29a2eab5aa181b654a734a29b263ca8efe013beea98/pillow-10.4.0-cp312-cp312-win_amd64.whl
      - pypi: https://files.pythonhosted.org/packages/a4/30/cb5395acd5f65edc0dee77bdd134fe556c52fade2ad3ea9ac2676d01effe/protobuf-5.27.3-cp310-abi3-win_amd64.whl
      - pypi: https://files.pythonhosted.org/packages/ae/49/baafe2a964f663413be3bd1cf5c45ed98c5e42e804e2328e18f4570027c1/pyarrow-17.0.0-cp312-cp312-win_amd64.whl
      - pypi: https://files.pythonhosted.org/packages/ab/4c/b888e6cf58bd9db9c93f40d1c6be8283ff49d88919231afe93a6bcf61626/pydeck-0.9.1-py2.py3-none-any.whl
      - pypi: https://files.pythonhosted.org/packages/f7/3f/01c8b82017c199075f8f788d0d906b9ffbbc5a47dc9918a945e13d5a2bda/pygments-2.18.0-py3-none-any.whl
      - pypi: https://files.pythonhosted.org/packages/ec/57/56b9bcc3c9c6a792fcbaf139543cee77261f3651ca9da0c93f5c1221264b/python_dateutil-2.9.0.post0-py2.py3-none-any.whl
      - pypi: https://files.pythonhosted.org/packages/9c/3d/a121f284241f08268b21359bd425f7d4825cffc5ac5cd0e1b3d82ffd2b10/pytz-2024.1-py2.py3-none-any.whl
      - pypi: https://files.pythonhosted.org/packages/b7/59/2056f61236782a2c86b33906c025d4f4a0b17be0161b63b70fd9e8775d36/referencing-0.35.1-py3-none-any.whl
      - pypi: https://files.pythonhosted.org/packages/f9/9b/335f9764261e915ed497fcdeb11df5dfd6f7bf257d4a6a2a686d80da4d54/requests-2.32.3-py3-none-any.whl
      - pypi: https://files.pythonhosted.org/packages/c7/d9/c2a126eeae791e90ea099d05cb0515feea3688474b978343f3cdcfe04523/rich-13.8.0-py3-none-any.whl
      - pypi: https://files.pythonhosted.org/packages/ec/2f/b938864d66b86a6e4acadefdc56de75ef56f7cafdfd568a6464605457bd5/rpds_py-0.20.0-cp312-none-win_amd64.whl
      - pypi: https://files.pythonhosted.org/packages/d9/5a/e7c31adbe875f2abbb91bd84cf2dc52d792b5a01506781dbcf25c91daf11/six-1.16.0-py2.py3-none-any.whl
      - pypi: https://files.pythonhosted.org/packages/a7/a5/10f97f73544edcdef54409f1d839f6049a0d79df68adbc1ceb24d1aaca42/smmap-5.0.1-py3-none-any.whl
      - pypi: https://files.pythonhosted.org/packages/b0/68/cf905fd2db4a84dc9b46803512b9765a3e9a6dfaa378a67c8db910c44ab3/streamlit-1.37.1-py2.py3-none-any.whl
      - pypi: https://files.pythonhosted.org/packages/d2/3f/8ba87d9e287b9d385a02a7114ddcef61b26f86411e121c9003eb509a1773/tenacity-8.5.0-py3-none-any.whl
      - pypi: https://files.pythonhosted.org/packages/44/6f/7120676b6d73228c96e17f1f794d8ab046fc910d781c8d151120c3f1569e/toml-0.10.2-py2.py3-none-any.whl
      - pypi: https://files.pythonhosted.org/packages/d9/2f/3f2f05e84a7aff787a96d5fb06821323feb370fe0baed4db6ea7b1088f32/tornado-6.4.1-cp38-abi3-win_amd64.whl
      - pypi: https://files.pythonhosted.org/packages/26/9f/ad63fc0248c5379346306f8668cda6e2e2e9c95e01216d2b8ffd9ff037d0/typing_extensions-4.12.2-py3-none-any.whl
      - pypi: https://files.pythonhosted.org/packages/65/58/f9c9e6be752e9fcb8b6a0ee9fb87e6e7a1f6bcab2cdc73f02bb7ba91ada0/tzdata-2024.1-py2.py3-none-any.whl
      - pypi: https://files.pythonhosted.org/packages/ca/1c/89ffc63a9605b583d5df2be791a27bc1a42b7c32bab68d3c8f2f73a98cd4/urllib3-2.2.2-py3-none-any.whl
      - pypi: https://files.pythonhosted.org/packages/99/2e/b69dfaae7a83ea64ce36538cc103a3065e12c447963797793d5c0a1d5130/watchdog-4.0.2-py3-none-win_amd64.whl
packages:
- kind: pypi
  name: altair
  version: 5.4.1
  url: https://files.pythonhosted.org/packages/9b/52/4a86a4fa1cc2aae79137cc9510b7080c3e5aede2310d14fae5486feec7f7/altair-5.4.1-py3-none-any.whl
  sha256: 0fb130b8297a569d08991fb6fe763582e7569f8a04643bbd9212436e3be04aef
  requires_dist:
  - jinja2
  - jsonschema>=3.0
  - narwhals>=1.5.2
  - packaging
  - typing-extensions>=4.10.0 ; python_version < '3.13'
  - altair-tiles>=0.3.0 ; extra == 'all'
  - anywidget>=0.9.0 ; extra == 'all'
  - numpy ; extra == 'all'
  - pandas>=0.25.3 ; extra == 'all'
  - pyarrow>=11 ; extra == 'all'
  - vega-datasets>=0.9.0 ; extra == 'all'
  - vegafusion[embed]>=1.6.6 ; extra == 'all'
  - vl-convert-python>=1.6.0 ; extra == 'all'
  - geopandas ; extra == 'dev'
  - hatch ; extra == 'dev'
  - ibis-framework[polars] ; extra == 'dev'
  - ipython[kernel] ; extra == 'dev'
  - mistune ; extra == 'dev'
  - mypy ; extra == 'dev'
  - pandas-stubs ; extra == 'dev'
  - pandas>=0.25.3 ; extra == 'dev'
  - polars>=0.20.3 ; extra == 'dev'
  - pytest ; extra == 'dev'
  - pytest-cov ; extra == 'dev'
  - pytest-xdist[psutil]~=3.5 ; extra == 'dev'
  - ruff>=0.6.0 ; extra == 'dev'
  - types-jsonschema ; extra == 'dev'
  - types-setuptools ; extra == 'dev'
  - docutils ; extra == 'doc'
  - jinja2 ; extra == 'doc'
  - myst-parser ; extra == 'doc'
  - numpydoc ; extra == 'doc'
  - pillow<10,>=9 ; extra == 'doc'
  - pydata-sphinx-theme>=0.14.1 ; extra == 'doc'
  - scipy ; extra == 'doc'
  - sphinx ; extra == 'doc'
  - sphinx-copybutton ; extra == 'doc'
  - sphinx-design ; extra == 'doc'
  - sphinxext-altair ; extra == 'doc'
  requires_python: '>=3.8'
- kind: pypi
  name: attrs
  version: 24.2.0
  url: https://files.pythonhosted.org/packages/6a/21/5b6702a7f963e95456c0de2d495f67bf5fd62840ac655dc451586d23d39a/attrs-24.2.0-py3-none-any.whl
  sha256: 81921eb96de3191c8258c199618104dd27ac608d9366f5e35d011eae1867ede2
  requires_dist:
  - importlib-metadata ; python_version < '3.8'
  - cloudpickle ; platform_python_implementation == 'CPython' and extra == 'benchmark'
  - hypothesis ; extra == 'benchmark'
  - mypy>=1.11.1 ; (platform_python_implementation == 'CPython' and python_version >= '3.9') and extra == 'benchmark'
  - pympler ; extra == 'benchmark'
  - pytest-codspeed ; extra == 'benchmark'
  - pytest-mypy-plugins ; (platform_python_implementation == 'CPython' and python_version >= '3.9' and python_version < '3.13') and extra == 'benchmark'
  - pytest-xdist[psutil] ; extra == 'benchmark'
  - pytest>=4.3.0 ; extra == 'benchmark'
  - cloudpickle ; platform_python_implementation == 'CPython' and extra == 'cov'
  - coverage[toml]>=5.3 ; extra == 'cov'
  - hypothesis ; extra == 'cov'
  - mypy>=1.11.1 ; (platform_python_implementation == 'CPython' and python_version >= '3.9') and extra == 'cov'
  - pympler ; extra == 'cov'
  - pytest-mypy-plugins ; (platform_python_implementation == 'CPython' and python_version >= '3.9' and python_version < '3.13') and extra == 'cov'
  - pytest-xdist[psutil] ; extra == 'cov'
  - pytest>=4.3.0 ; extra == 'cov'
  - cloudpickle ; platform_python_implementation == 'CPython' and extra == 'dev'
  - hypothesis ; extra == 'dev'
  - mypy>=1.11.1 ; (platform_python_implementation == 'CPython' and python_version >= '3.9') and extra == 'dev'
  - pre-commit ; extra == 'dev'
  - pympler ; extra == 'dev'
  - pytest-mypy-plugins ; (platform_python_implementation == 'CPython' and python_version >= '3.9' and python_version < '3.13') and extra == 'dev'
  - pytest-xdist[psutil] ; extra == 'dev'
  - pytest>=4.3.0 ; extra == 'dev'
  - cogapp ; extra == 'docs'
  - furo ; extra == 'docs'
  - myst-parser ; extra == 'docs'
  - sphinx ; extra == 'docs'
  - sphinx-notfound-page ; extra == 'docs'
  - sphinxcontrib-towncrier ; extra == 'docs'
  - towncrier<24.7 ; extra == 'docs'
  - cloudpickle ; platform_python_implementation == 'CPython' and extra == 'tests'
  - hypothesis ; extra == 'tests'
  - mypy>=1.11.1 ; (platform_python_implementation == 'CPython' and python_version >= '3.9') and extra == 'tests'
  - pympler ; extra == 'tests'
  - pytest-mypy-plugins ; (platform_python_implementation == 'CPython' and python_version >= '3.9' and python_version < '3.13') and extra == 'tests'
  - pytest-xdist[psutil] ; extra == 'tests'
  - pytest>=4.3.0 ; extra == 'tests'
  - mypy>=1.11.1 ; (platform_python_implementation == 'CPython' and python_version >= '3.9') and extra == 'tests-mypy'
  - pytest-mypy-plugins ; (platform_python_implementation == 'CPython' and python_version >= '3.9' and python_version < '3.13') and extra == 'tests-mypy'
  requires_python: '>=3.7'
- kind: pypi
  name: blinker
  version: 1.8.2
  url: https://files.pythonhosted.org/packages/bb/2a/10164ed1f31196a2f7f3799368a821765c62851ead0e630ab52b8e14b4d0/blinker-1.8.2-py3-none-any.whl
  sha256: 1779309f71bf239144b9399d06ae925637cf6634cf6bd131104184531bf67c01
  requires_python: '>=3.8'
- kind: conda
  name: bzip2
  version: 1.0.8
  build: h2466b09_7
  build_number: 7
  subdir: win-64
  url: https://conda.anaconda.org/conda-forge/win-64/bzip2-1.0.8-h2466b09_7.conda
  sha256: 35a5dad92e88fdd7fc405e864ec239486f4f31eec229e31686e61a140a8e573b
  md5: 276e7ffe9ffe39688abc665ef0f45596
  depends:
  - ucrt >=10.0.20348.0
  - vc >=14.2,<15
  - vc14_runtime >=14.29.30139
  license: bzip2-1.0.6
  license_family: BSD
  purls: []
  size: 54927
  timestamp: 1720974860185
- kind: conda
  name: ca-certificates
  version: 2024.7.4
  build: h56e8100_0
  subdir: win-64
  url: https://conda.anaconda.org/conda-forge/win-64/ca-certificates-2024.7.4-h56e8100_0.conda
  sha256: 7f37bb33c7954de1b4d19ad622859feb4f6c58f751c38b895524cad4e44af72e
  md5: 9caa97c9504072cd060cf0a3142cc0ed
  license: ISC
  purls: []
  size: 154943
  timestamp: 1720077592592
- kind: pypi
  name: cachetools
  version: 5.5.0
  url: https://files.pythonhosted.org/packages/a4/07/14f8ad37f2d12a5ce41206c21820d8cb6561b728e51fad4530dff0552a67/cachetools-5.5.0-py3-none-any.whl
  sha256: 02134e8439cdc2ffb62023ce1debca2944c3f289d66bb17ead3ab3dede74b292
  requires_python: '>=3.7'
- kind: pypi
  name: certifi
  version: 2024.7.4
  url: https://files.pythonhosted.org/packages/1c/d5/c84e1a17bf61d4df64ca866a1c9a913874b4e9bdc131ec689a0ad013fb36/certifi-2024.7.4-py3-none-any.whl
  sha256: c198e21b1289c2ab85ee4e67bb4b4ef3ead0892059901a8d5b622f24a1101e90
  requires_python: '>=3.6'
- kind: pypi
  name: charset-normalizer
  version: 3.3.2
  url: https://files.pythonhosted.org/packages/b6/7c/8debebb4f90174074b827c63242c23851bdf00a532489fba57fef3416e40/charset_normalizer-3.3.2-cp312-cp312-win_amd64.whl
  sha256: 96b02a3dc4381e5494fad39be677abcb5e6634bf7b4fa83a6dd3112607547001
  requires_python: '>=3.7.0'
- kind: pypi
  name: click
  version: 8.1.7
  url: https://files.pythonhosted.org/packages/00/2e/d53fa4befbf2cfa713304affc7ca780ce4fc1fd8710527771b58311a3229/click-8.1.7-py3-none-any.whl
  sha256: ae74fb96c20a0277a1d615f1e4d73c8414f5a98db8b799a7931d1582f3390c28
  requires_dist:
  - colorama ; platform_system == 'Windows'
  - importlib-metadata ; python_version < '3.8'
  requires_python: '>=3.7'
- kind: pypi
  name: colorama
  version: 0.4.6
  url: https://files.pythonhosted.org/packages/d1/d6/3965ed04c63042e047cb6a3e6ed1a63a35087b6a609aa3a15ed8ac56c221/colorama-0.4.6-py2.py3-none-any.whl
  sha256: 4f1d9991f5acc0ca119f9d443620b77f9d6b33703e51011c16baf57afb285fc6
  requires_python: '!=3.0.*,!=3.1.*,!=3.2.*,!=3.3.*,!=3.4.*,!=3.5.*,!=3.6.*,>=2.7'
- kind: pypi
  name: gitdb
  version: 4.0.11
  url: https://files.pythonhosted.org/packages/fd/5b/8f0c4a5bb9fd491c277c21eff7ccae71b47d43c4446c9d0c6cff2fe8c2c4/gitdb-4.0.11-py3-none-any.whl
  sha256: 81a3407ddd2ee8df444cbacea00e2d038e40150acfa3001696fe0dcf1d3adfa4
  requires_dist:
  - smmap<6,>=3.0.1
  requires_python: '>=3.7'
- kind: pypi
  name: gitpython
  version: 3.1.43
  url: https://files.pythonhosted.org/packages/e9/bd/cc3a402a6439c15c3d4294333e13042b915bbeab54edc457c723931fed3f/GitPython-3.1.43-py3-none-any.whl
  sha256: eec7ec56b92aad751f9912a73404bc02ba212a23adb2c7098ee668417051a1ff
  requires_dist:
  - gitdb<5,>=4.0.1
  - typing-extensions>=3.7.4.3 ; python_version < '3.8'
  - sphinx==4.3.2 ; extra == 'doc'
  - sphinx-rtd-theme ; extra == 'doc'
  - sphinxcontrib-applehelp<=1.0.4,>=1.0.2 ; extra == 'doc'
  - sphinxcontrib-devhelp==1.0.2 ; extra == 'doc'
  - sphinxcontrib-htmlhelp<=2.0.1,>=2.0.0 ; extra == 'doc'
  - sphinxcontrib-qthelp==1.0.3 ; extra == 'doc'
  - sphinxcontrib-serializinghtml==1.1.5 ; extra == 'doc'
  - sphinx-autodoc-typehints ; extra == 'doc'
  - coverage[toml] ; extra == 'test'
  - ddt!=1.4.3,>=1.1.1 ; extra == 'test'
  - mypy ; extra == 'test'
  - pre-commit ; extra == 'test'
  - pytest>=7.3.1 ; extra == 'test'
  - pytest-cov ; extra == 'test'
  - pytest-instafail ; extra == 'test'
  - pytest-mock ; extra == 'test'
  - pytest-sugar ; extra == 'test'
  - typing-extensions ; python_version < '3.11' and extra == 'test'
  - mock ; python_version < '3.8' and extra == 'test'
  requires_python: '>=3.7'
- kind: pypi
  name: idna
  version: '3.8'
  url: https://files.pythonhosted.org/packages/22/7e/d71db821f177828df9dea8c42ac46473366f191be53080e552e628aad991/idna-3.8-py3-none-any.whl
  sha256: 050b4e5baadcd44d760cedbd2b8e639f2ff89bbc7a5730fcc662954303377aac
  requires_python: '>=3.6'
- kind: pypi
  name: jinja2
  version: 3.1.4
  url: https://files.pythonhosted.org/packages/31/80/3a54838c3fb461f6fec263ebf3a3a41771bd05190238de3486aae8540c36/jinja2-3.1.4-py3-none-any.whl
  sha256: bc5dd2abb727a5319567b7a813e6a2e7318c39f4f487cfe6c89c6f9c7d25197d
  requires_dist:
  - markupsafe>=2.0
  - babel>=2.7 ; extra == 'i18n'
  requires_python: '>=3.7'
- kind: pypi
  name: jsonschema
  version: 4.23.0
  url: https://files.pythonhosted.org/packages/69/4a/4f9dbeb84e8850557c02365a0eee0649abe5eb1d84af92a25731c6c0f922/jsonschema-4.23.0-py3-none-any.whl
  sha256: fbadb6f8b144a8f8cf9f0b89ba94501d143e50411a1278633f56a7acf7fd5566
  requires_dist:
  - attrs>=22.2.0
  - importlib-resources>=1.4.0 ; python_version < '3.9'
  - jsonschema-specifications>=2023.3.6
  - pkgutil-resolve-name>=1.3.10 ; python_version < '3.9'
  - referencing>=0.28.4
  - rpds-py>=0.7.1
  - fqdn ; extra == 'format'
  - idna ; extra == 'format'
  - isoduration ; extra == 'format'
  - jsonpointer>1.13 ; extra == 'format'
  - rfc3339-validator ; extra == 'format'
  - rfc3987 ; extra == 'format'
  - uri-template ; extra == 'format'
  - webcolors>=1.11 ; extra == 'format'
  - fqdn ; extra == 'format-nongpl'
  - idna ; extra == 'format-nongpl'
  - isoduration ; extra == 'format-nongpl'
  - jsonpointer>1.13 ; extra == 'format-nongpl'
  - rfc3339-validator ; extra == 'format-nongpl'
  - rfc3986-validator>0.1.0 ; extra == 'format-nongpl'
  - uri-template ; extra == 'format-nongpl'
  - webcolors>=24.6.0 ; extra == 'format-nongpl'
  requires_python: '>=3.8'
- kind: pypi
  name: jsonschema-specifications
  version: 2023.12.1
  url: https://files.pythonhosted.org/packages/ee/07/44bd408781594c4d0a027666ef27fab1e441b109dc3b76b4f836f8fd04fe/jsonschema_specifications-2023.12.1-py3-none-any.whl
  sha256: 87e4fdf3a94858b8a2ba2778d9ba57d8a9cafca7c7489c46ba0d30a8bc6a9c3c
  requires_dist:
  - importlib-resources>=1.4.0 ; python_version < '3.9'
  - referencing>=0.31.0
  requires_python: '>=3.8'
- kind: conda
  name: libexpat
  version: 2.6.2
  build: h63175ca_0
  subdir: win-64
  url: https://conda.anaconda.org/conda-forge/win-64/libexpat-2.6.2-h63175ca_0.conda
  sha256: 79f612f75108f3e16bbdc127d4885bb74729cf66a8702fca0373dad89d40c4b7
  md5: bc592d03f62779511d392c175dcece64
  constrains:
  - expat 2.6.2.*
  license: MIT
  license_family: MIT
  purls: []
  size: 139224
  timestamp: 1710362609641
- kind: conda
  name: libffi
  version: 3.4.2
  build: h8ffe710_5
  build_number: 5
  subdir: win-64
  url: https://conda.anaconda.org/conda-forge/win-64/libffi-3.4.2-h8ffe710_5.tar.bz2
  sha256: 1951ab740f80660e9bc07d2ed3aefb874d78c107264fd810f24a1a6211d4b1a5
  md5: 2c96d1b6915b408893f9472569dee135
  depends:
  - vc >=14.1,<15.0a0
  - vs2015_runtime >=14.16.27012
  license: MIT
  license_family: MIT
  purls: []
  size: 42063
  timestamp: 1636489106777
- kind: conda
  name: libsqlite
  version: 3.46.0
  build: h2466b09_0
  subdir: win-64
  url: https://conda.anaconda.org/conda-forge/win-64/libsqlite-3.46.0-h2466b09_0.conda
  sha256: 662bd7e0d63c5b8c31cca19b91649e798319b93568a2ba8d1375efb91eeb251b
  md5: 951b0a3a463932e17414cd9f047fa03d
  depends:
  - ucrt >=10.0.20348.0
  - vc >=14.2,<15
  - vc14_runtime >=14.29.30139
  license: Unlicense
  purls: []
  size: 876677
  timestamp: 1718051113874
- kind: conda
  name: libzlib
  version: 1.3.1
  build: h2466b09_1
  build_number: 1
  subdir: win-64
  url: https://conda.anaconda.org/conda-forge/win-64/libzlib-1.3.1-h2466b09_1.conda
  sha256: b13846a54a15243e15f96fec06b526d8155adc6a1ac2b6ed47a88f6a71a94b68
  md5: d4483ca8afc57ddf1f6dded53b36c17f
  depends:
  - ucrt >=10.0.20348.0
  - vc >=14.2,<15
  - vc14_runtime >=14.29.30139
  constrains:
  - zlib 1.3.1 *_1
  license: Zlib
  license_family: Other
  purls: []
  size: 56186
  timestamp: 1716874730539
- kind: pypi
  name: markdown-it-py
  version: 3.0.0
  url: https://files.pythonhosted.org/packages/42/d7/1ec15b46af6af88f19b8e5ffea08fa375d433c998b8a7639e76935c14f1f/markdown_it_py-3.0.0-py3-none-any.whl
  sha256: 355216845c60bd96232cd8d8c40e8f9765cc86f46880e43a8fd22dc1a1a8cab1
  requires_dist:
  - mdurl~=0.1
  - psutil ; extra == 'benchmarking'
  - pytest ; extra == 'benchmarking'
  - pytest-benchmark ; extra == 'benchmarking'
  - pre-commit~=3.0 ; extra == 'code-style'
  - commonmark~=0.9 ; extra == 'compare'
  - markdown~=3.4 ; extra == 'compare'
  - mistletoe~=1.0 ; extra == 'compare'
  - mistune~=2.0 ; extra == 'compare'
  - panflute~=2.3 ; extra == 'compare'
  - linkify-it-py>=1,<3 ; extra == 'linkify'
  - mdit-py-plugins ; extra == 'plugins'
  - gprof2dot ; extra == 'profiling'
  - mdit-py-plugins ; extra == 'rtd'
  - myst-parser ; extra == 'rtd'
  - pyyaml ; extra == 'rtd'
  - sphinx ; extra == 'rtd'
  - sphinx-copybutton ; extra == 'rtd'
  - sphinx-design ; extra == 'rtd'
  - sphinx-book-theme ; extra == 'rtd'
  - jupyter-sphinx ; extra == 'rtd'
  - coverage ; extra == 'testing'
  - pytest ; extra == 'testing'
  - pytest-cov ; extra == 'testing'
  - pytest-regressions ; extra == 'testing'
  requires_python: '>=3.8'
- kind: pypi
  name: markupsafe
  version: 2.1.5
  url: https://files.pythonhosted.org/packages/3f/14/c3554d512d5f9100a95e737502f4a2323a1959f6d0d01e0d0997b35f7b10/MarkupSafe-2.1.5-cp312-cp312-win_amd64.whl
  sha256: 823b65d8706e32ad2df51ed89496147a42a2a6e01c13cfb6ffb8b1e92bc910bb
  requires_python: '>=3.7'
- kind: pypi
  name: mdurl
  version: 0.1.2
  url: https://files.pythonhosted.org/packages/b3/38/89ba8ad64ae25be8de66a6d463314cf1eb366222074cfda9ee839c56a4b4/mdurl-0.1.2-py3-none-any.whl
  sha256: 84008a41e51615a49fc9966191ff91509e3c40b939176e643fd50a5c2196b8f8
  requires_python: '>=3.7'
- kind: pypi
  name: narwhals
  version: 1.5.5
  url: https://files.pythonhosted.org/packages/54/9d/1933bce890b9cb0a6aa392b7fb1e0070a27f92009131d2f85cc8dfbb707e/narwhals-1.5.5-py3-none-any.whl
  sha256: b0cee9a1cfdf88fa1c85720953946b27e7d56629dd0637021efe708cdb59c891
  requires_dist:
  - cudf>=23.8.0 ; extra == 'cudf'
  - dask[dataframe]>=2024.7 ; extra == 'dask'
  - modin ; extra == 'modin'
  - pandas>=0.25.3 ; extra == 'pandas'
  - polars>=0.20.3 ; extra == 'polars'
  - pyarrow>=11.0.0 ; extra == 'pyarrow'
  requires_python: '>=3.8'
- kind: pypi
  name: numpy
  version: 2.1.0
  url: https://files.pythonhosted.org/packages/8c/bf/d9d214a9dff020ad1663f1536f45d34e052e4c7f630c46cd363e785e3231/numpy-2.1.0-cp312-cp312-win_amd64.whl
  sha256: a0cdef204199278f5c461a0bed6ed2e052998276e6d8ab2963d5b5c39a0500bc
  requires_python: '>=3.10'
- kind: pypi
  name: opencv-python-headless
  version: 4.10.0.84
  url: https://files.pythonhosted.org/packages/26/d0/22f68eb23eea053a31655960f133c0be9726c6a881547e6e9e7e2a946c4f/opencv_python_headless-4.10.0.84-cp37-abi3-win_amd64.whl
  sha256: afcf28bd1209dd58810d33defb622b325d3cbe49dcd7a43a902982c33e5fad05
  requires_dist:
  - numpy>=1.13.3 ; python_version < '3.7'
  - numpy>=1.21.0 ; python_version <= '3.9' and platform_system == 'Darwin' and platform_machine == 'arm64'
  - numpy>=1.21.2 ; python_version >= '3.10'
  - numpy>=1.21.4 ; python_version >= '3.10' and platform_system == 'Darwin'
  - numpy>=1.23.5 ; python_version >= '3.11'
  - numpy>=1.26.0 ; python_version >= '3.12'
  - numpy>=1.19.3 ; python_version >= '3.6' and platform_system == 'Linux' and platform_machine == 'aarch64'
  - numpy>=1.17.0 ; python_version >= '3.7'
  - numpy>=1.17.3 ; python_version >= '3.8'
  - numpy>=1.19.3 ; python_version >= '3.9'
  requires_python: '>=3.6'
- kind: conda
  name: openssl
  version: 3.3.1
  build: h2466b09_3
  build_number: 3
  subdir: win-64
  url: https://conda.anaconda.org/conda-forge/win-64/openssl-3.3.1-h2466b09_3.conda
  sha256: 76a10564ca450f56495cff06bf60bdf0fe42e6ef7a20469276894d4ac7c0140a
  md5: c6ebd3a1a2b393e040ca71c9f9ef8d97
  depends:
  - ca-certificates
  - ucrt >=10.0.20348.0
  - vc >=14.2,<15
  - vc14_runtime >=14.29.30139
  license: Apache-2.0
  license_family: Apache
  purls: []
  size: 8362062
  timestamp: 1724404916759
- kind: pypi
  name: packaging
  version: '24.1'
  url: https://files.pythonhosted.org/packages/08/aa/cc0199a5f0ad350994d660967a8efb233fe0416e4639146c089643407ce6/packaging-24.1-py3-none-any.whl
  sha256: 5b8f2217dbdbd2f7f384c41c628544e6d52f2d0f53c6d0c3ea61aa5d1d7ff124
  requires_python: '>=3.8'
- kind: pypi
  name: pandas
  version: 2.2.2
  url: https://files.pythonhosted.org/packages/22/a5/a0b255295406ed54269814bc93723cfd1a0da63fb9aaf99e1364f07923e5/pandas-2.2.2-cp312-cp312-win_amd64.whl
  sha256: d187d355ecec3629624fccb01d104da7d7f391db0311145817525281e2804d23
  requires_dist:
  - numpy>=1.22.4 ; python_version < '3.11'
  - numpy>=1.23.2 ; python_version == '3.11'
  - numpy>=1.26.0 ; python_version >= '3.12'
  - python-dateutil>=2.8.2
  - pytz>=2020.1
  - tzdata>=2022.7
  - hypothesis>=6.46.1 ; extra == 'test'
  - pytest>=7.3.2 ; extra == 'test'
  - pytest-xdist>=2.2.0 ; extra == 'test'
  - pyarrow>=10.0.1 ; extra == 'pyarrow'
  - bottleneck>=1.3.6 ; extra == 'performance'
  - numba>=0.56.4 ; extra == 'performance'
  - numexpr>=2.8.4 ; extra == 'performance'
  - scipy>=1.10.0 ; extra == 'computation'
  - xarray>=2022.12.0 ; extra == 'computation'
  - fsspec>=2022.11.0 ; extra == 'fss'
  - s3fs>=2022.11.0 ; extra == 'aws'
  - gcsfs>=2022.11.0 ; extra == 'gcp'
  - pandas-gbq>=0.19.0 ; extra == 'gcp'
  - odfpy>=1.4.1 ; extra == 'excel'
  - openpyxl>=3.1.0 ; extra == 'excel'
  - python-calamine>=0.1.7 ; extra == 'excel'
  - pyxlsb>=1.0.10 ; extra == 'excel'
  - xlrd>=2.0.1 ; extra == 'excel'
  - xlsxwriter>=3.0.5 ; extra == 'excel'
  - pyarrow>=10.0.1 ; extra == 'parquet'
  - pyarrow>=10.0.1 ; extra == 'feather'
  - tables>=3.8.0 ; extra == 'hdf5'
  - pyreadstat>=1.2.0 ; extra == 'spss'
  - sqlalchemy>=2.0.0 ; extra == 'postgresql'
  - psycopg2>=2.9.6 ; extra == 'postgresql'
  - adbc-driver-postgresql>=0.8.0 ; extra == 'postgresql'
  - sqlalchemy>=2.0.0 ; extra == 'mysql'
  - pymysql>=1.0.2 ; extra == 'mysql'
  - sqlalchemy>=2.0.0 ; extra == 'sql-other'
  - adbc-driver-postgresql>=0.8.0 ; extra == 'sql-other'
  - adbc-driver-sqlite>=0.8.0 ; extra == 'sql-other'
  - beautifulsoup4>=4.11.2 ; extra == 'html'
  - html5lib>=1.1 ; extra == 'html'
  - lxml>=4.9.2 ; extra == 'html'
  - lxml>=4.9.2 ; extra == 'xml'
  - matplotlib>=3.6.3 ; extra == 'plot'
  - jinja2>=3.1.2 ; extra == 'output-formatting'
  - tabulate>=0.9.0 ; extra == 'output-formatting'
  - pyqt5>=5.15.9 ; extra == 'clipboard'
  - qtpy>=2.3.0 ; extra == 'clipboard'
  - zstandard>=0.19.0 ; extra == 'compression'
  - dataframe-api-compat>=0.1.7 ; extra == 'consortium-standard'
  - adbc-driver-postgresql>=0.8.0 ; extra == 'all'
  - adbc-driver-sqlite>=0.8.0 ; extra == 'all'
  - beautifulsoup4>=4.11.2 ; extra == 'all'
  - bottleneck>=1.3.6 ; extra == 'all'
  - dataframe-api-compat>=0.1.7 ; extra == 'all'
  - fastparquet>=2022.12.0 ; extra == 'all'
  - fsspec>=2022.11.0 ; extra == 'all'
  - gcsfs>=2022.11.0 ; extra == 'all'
  - html5lib>=1.1 ; extra == 'all'
  - hypothesis>=6.46.1 ; extra == 'all'
  - jinja2>=3.1.2 ; extra == 'all'
  - lxml>=4.9.2 ; extra == 'all'
  - matplotlib>=3.6.3 ; extra == 'all'
  - numba>=0.56.4 ; extra == 'all'
  - numexpr>=2.8.4 ; extra == 'all'
  - odfpy>=1.4.1 ; extra == 'all'
  - openpyxl>=3.1.0 ; extra == 'all'
  - pandas-gbq>=0.19.0 ; extra == 'all'
  - psycopg2>=2.9.6 ; extra == 'all'
  - pyarrow>=10.0.1 ; extra == 'all'
  - pymysql>=1.0.2 ; extra == 'all'
  - pyqt5>=5.15.9 ; extra == 'all'
  - pyreadstat>=1.2.0 ; extra == 'all'
  - pytest>=7.3.2 ; extra == 'all'
  - pytest-xdist>=2.2.0 ; extra == 'all'
  - python-calamine>=0.1.7 ; extra == 'all'
  - pyxlsb>=1.0.10 ; extra == 'all'
  - qtpy>=2.3.0 ; extra == 'all'
  - scipy>=1.10.0 ; extra == 'all'
  - s3fs>=2022.11.0 ; extra == 'all'
  - sqlalchemy>=2.0.0 ; extra == 'all'
  - tables>=3.8.0 ; extra == 'all'
  - tabulate>=0.9.0 ; extra == 'all'
  - xarray>=2022.12.0 ; extra == 'all'
  - xlrd>=2.0.1 ; extra == 'all'
  - xlsxwriter>=3.0.5 ; extra == 'all'
  - zstandard>=0.19.0 ; extra == 'all'
  requires_python: '>=3.9'
- kind: pypi
  name: pillow
  version: 10.4.0
  url: https://files.pythonhosted.org/packages/74/0a/d4ce3c44bca8635bd29a2eab5aa181b654a734a29b263ca8efe013beea98/pillow-10.4.0-cp312-cp312-win_amd64.whl
  sha256: 1d846aea995ad352d4bdcc847535bd56e0fd88d36829d2c90be880ef1ee4668a
  requires_dist:
  - furo ; extra == 'docs'
  - olefile ; extra == 'docs'
  - sphinx>=7.3 ; extra == 'docs'
  - sphinx-copybutton ; extra == 'docs'
  - sphinx-inline-tabs ; extra == 'docs'
  - sphinxext-opengraph ; extra == 'docs'
  - olefile ; extra == 'fpx'
  - olefile ; extra == 'mic'
  - check-manifest ; extra == 'tests'
  - coverage ; extra == 'tests'
  - defusedxml ; extra == 'tests'
  - markdown2 ; extra == 'tests'
  - olefile ; extra == 'tests'
  - packaging ; extra == 'tests'
  - pyroma ; extra == 'tests'
  - pytest ; extra == 'tests'
  - pytest-cov ; extra == 'tests'
  - pytest-timeout ; extra == 'tests'
  - typing-extensions ; python_version < '3.10' and extra == 'typing'
  - defusedxml ; extra == 'xmp'
  requires_python: '>=3.8'
- kind: pypi
  name: protobuf
  version: 5.27.3
  url: https://files.pythonhosted.org/packages/a4/30/cb5395acd5f65edc0dee77bdd134fe556c52fade2ad3ea9ac2676d01effe/protobuf-5.27.3-cp310-abi3-win_amd64.whl
  sha256: 16ddf3f8c6c41e1e803da7abea17b1793a97ef079a912e42351eabb19b2cffe7
  requires_python: '>=3.8'
- kind: pypi
  name: pyarrow
  version: 17.0.0
  url: https://files.pythonhosted.org/packages/ae/49/baafe2a964f663413be3bd1cf5c45ed98c5e42e804e2328e18f4570027c1/pyarrow-17.0.0-cp312-cp312-win_amd64.whl
  sha256: 392bc9feabc647338e6c89267635e111d71edad5fcffba204425a7c8d13610d7
  requires_dist:
  - numpy>=1.16.6
  - pytest ; extra == 'test'
  - hypothesis ; extra == 'test'
  - cffi ; extra == 'test'
  - pytz ; extra == 'test'
  - pandas ; extra == 'test'
  requires_python: '>=3.8'
- kind: pypi
  name: pydeck
  version: 0.9.1
  url: https://files.pythonhosted.org/packages/ab/4c/b888e6cf58bd9db9c93f40d1c6be8283ff49d88919231afe93a6bcf61626/pydeck-0.9.1-py2.py3-none-any.whl
  sha256: b3f75ba0d273fc917094fa61224f3f6076ca8752b93d46faf3bcfd9f9d59b038
  requires_dist:
  - jinja2>=2.10.1
  - numpy>=1.16.4
  - pydeck-carto ; extra == 'carto'
  - ipywidgets<8,>=7 ; extra == 'jupyter'
  - traitlets>=4.3.2 ; extra == 'jupyter'
  - ipython>=5.8.0 ; python_version < '3.4' and extra == 'jupyter'
  - ipykernel>=5.1.2 ; python_version >= '3.4' and extra == 'jupyter'
  requires_python: '>=3.8'
- kind: pypi
  name: pygments
  version: 2.18.0
  url: https://files.pythonhosted.org/packages/f7/3f/01c8b82017c199075f8f788d0d906b9ffbbc5a47dc9918a945e13d5a2bda/pygments-2.18.0-py3-none-any.whl
  sha256: b8e6aca0523f3ab76fee51799c488e38782ac06eafcf95e7ba832985c8e7b13a
  requires_dist:
  - colorama>=0.4.6 ; extra == 'windows-terminal'
  requires_python: '>=3.8'
- kind: conda
  name: python
  version: 3.12.5
  build: h889d299_0_cpython
  subdir: win-64
  url: https://conda.anaconda.org/conda-forge/win-64/python-3.12.5-h889d299_0_cpython.conda
  sha256: 4cef304eb8877fd3094c14b57097ccc1b817b4afbf2223dd45d2b61e44064740
  md5: db056d8b140ab2edd56a2f9bdb203dcd
  depends:
  - bzip2 >=1.0.8,<2.0a0
  - libexpat >=2.6.2,<3.0a0
  - libffi >=3.4,<4.0a0
  - libsqlite >=3.46.0,<4.0a0
  - libzlib >=1.3.1,<2.0a0
  - openssl >=3.3.1,<4.0a0
  - tk >=8.6.13,<8.7.0a0
  - tzdata
  - ucrt >=10.0.20348.0
  - vc >=14.2,<15
  - vc14_runtime >=14.29.30139
  - xz >=5.2.6,<6.0a0
  constrains:
  - python_abi 3.12.* *_cp312
  license: Python-2.0
  purls: []
  size: 15897752
  timestamp: 1723141830317
- kind: pypi
  name: python-dateutil
  version: 2.9.0.post0
  url: https://files.pythonhosted.org/packages/ec/57/56b9bcc3c9c6a792fcbaf139543cee77261f3651ca9da0c93f5c1221264b/python_dateutil-2.9.0.post0-py2.py3-none-any.whl
  sha256: a8b2bc7bffae282281c8140a97d3aa9c14da0b136dfe83f850eea9a5f7470427
  requires_dist:
  - six>=1.5
  requires_python: '!=3.0.*,!=3.1.*,!=3.2.*,>=2.7'
- kind: pypi
  name: pytz
  version: '2024.1'
  url: https://files.pythonhosted.org/packages/9c/3d/a121f284241f08268b21359bd425f7d4825cffc5ac5cd0e1b3d82ffd2b10/pytz-2024.1-py2.py3-none-any.whl
  sha256: 328171f4e3623139da4983451950b28e95ac706e13f3f2630a879749e7a8b319
- kind: pypi
  name: referencing
  version: 0.35.1
  url: https://files.pythonhosted.org/packages/b7/59/2056f61236782a2c86b33906c025d4f4a0b17be0161b63b70fd9e8775d36/referencing-0.35.1-py3-none-any.whl
  sha256: eda6d3234d62814d1c64e305c1331c9a3a6132da475ab6382eaa997b21ee75de
  requires_dist:
  - attrs>=22.2.0
  - rpds-py>=0.7.0
  requires_python: '>=3.8'
- kind: pypi
  name: requests
  version: 2.32.3
  url: https://files.pythonhosted.org/packages/f9/9b/335f9764261e915ed497fcdeb11df5dfd6f7bf257d4a6a2a686d80da4d54/requests-2.32.3-py3-none-any.whl
  sha256: 70761cfe03c773ceb22aa2f671b4757976145175cdfca038c02654d061d6dcc6
  requires_dist:
  - charset-normalizer<4,>=2
  - idna<4,>=2.5
  - urllib3<3,>=1.21.1
  - certifi>=2017.4.17
  - pysocks!=1.5.7,>=1.5.6 ; extra == 'socks'
  - chardet<6,>=3.0.2 ; extra == 'use-chardet-on-py3'
  requires_python: '>=3.8'
- kind: pypi
  name: rich
  version: 13.8.0
  url: https://files.pythonhosted.org/packages/c7/d9/c2a126eeae791e90ea099d05cb0515feea3688474b978343f3cdcfe04523/rich-13.8.0-py3-none-any.whl
  sha256: 2e85306a063b9492dffc86278197a60cbece75bcb766022f3436f567cae11bdc
  requires_dist:
  - ipywidgets>=7.5.1,<9 ; extra == 'jupyter'
  - markdown-it-py>=2.2.0
  - pygments>=2.13.0,<3.0.0
  - typing-extensions>=4.0.0,<5.0 ; python_version < '3.9'
  requires_python: '>=3.7.0'
- kind: pypi
  name: rpds-py
  version: 0.20.0
  url: https://files.pythonhosted.org/packages/ec/2f/b938864d66b86a6e4acadefdc56de75ef56f7cafdfd568a6464605457bd5/rpds_py-0.20.0-cp312-none-win_amd64.whl
  sha256: 0e13e6952ef264c40587d510ad676a988df19adea20444c2b295e536457bc585
  requires_python: '>=3.8'
- kind: pypi
  name: six
  version: 1.16.0
  url: https://files.pythonhosted.org/packages/d9/5a/e7c31adbe875f2abbb91bd84cf2dc52d792b5a01506781dbcf25c91daf11/six-1.16.0-py2.py3-none-any.whl
  sha256: 8abb2f1d86890a2dfb989f9a77cfcfd3e47c2a354b01111771326f8aa26e0254
  requires_python: '>=2.7,!=3.0.*,!=3.1.*,!=3.2.*'
- kind: pypi
  name: smmap
  version: 5.0.1
  url: https://files.pythonhosted.org/packages/a7/a5/10f97f73544edcdef54409f1d839f6049a0d79df68adbc1ceb24d1aaca42/smmap-5.0.1-py3-none-any.whl
  sha256: e6d8668fa5f93e706934a62d7b4db19c8d9eb8cf2adbb75ef1b675aa332b69da
  requires_python: '>=3.7'
- kind: pypi
  name: streamlit
  version: 1.37.1
  url: https://files.pythonhosted.org/packages/b0/68/cf905fd2db4a84dc9b46803512b9765a3e9a6dfaa378a67c8db910c44ab3/streamlit-1.37.1-py2.py3-none-any.whl
  sha256: 0651240fccc569900cc9450390b0a67473fda55be65f317e46285f99e2bddf04
  requires_dist:
  - altair<6,>=4.0
  - blinker<2,>=1.0.0
  - cachetools<6,>=4.0
  - click<9,>=7.0
  - numpy<3,>=1.20
  - packaging<25,>=20
  - pandas<3,>=1.3.0
  - pillow<11,>=7.1.0
  - protobuf<6,>=3.20
  - pyarrow>=7.0
  - requests<3,>=2.27
  - rich<14,>=10.14.0
  - tenacity<9,>=8.1.0
  - toml<2,>=0.10.1
  - typing-extensions<5,>=4.3.0
  - gitpython!=3.1.19,<4,>=3.0.7
  - pydeck<1,>=0.8.0b4
  - tornado<7,>=6.0.3
  - watchdog<5,>=2.1.5 ; platform_system != 'Darwin'
  - snowflake-snowpark-python>=0.9.0 ; python_version < '3.12' and extra == 'snowflake'
  - snowflake-connector-python>=2.8.0 ; python_version < '3.12' and extra == 'snowflake'
  requires_python: '>=3.8,!=3.9.7'
- kind: pypi
  name: tenacity
  version: 8.5.0
  url: https://files.pythonhosted.org/packages/d2/3f/8ba87d9e287b9d385a02a7114ddcef61b26f86411e121c9003eb509a1773/tenacity-8.5.0-py3-none-any.whl
  sha256: b594c2a5945830c267ce6b79a166228323ed52718f30302c1359836112346687
  requires_dist:
  - reno ; extra == 'doc'
  - sphinx ; extra == 'doc'
  - pytest ; extra == 'test'
  - tornado>=4.5 ; extra == 'test'
  - typeguard ; extra == 'test'
  requires_python: '>=3.8'
- kind: conda
  name: tk
  version: 8.6.13
  build: h5226925_1
  build_number: 1
  subdir: win-64
  url: https://conda.anaconda.org/conda-forge/win-64/tk-8.6.13-h5226925_1.conda
  sha256: 2c4e914f521ccb2718946645108c9bd3fc3216ba69aea20c2c3cedbd8db32bb1
  md5: fc048363eb8f03cd1737600a5d08aafe
  depends:
  - ucrt >=10.0.20348.0
  - vc >=14.2,<15
  - vc14_runtime >=14.29.30139
  license: TCL
  license_family: BSD
  purls: []
  size: 3503410
  timestamp: 1699202577803
- kind: pypi
  name: toml
  version: 0.10.2
  url: https://files.pythonhosted.org/packages/44/6f/7120676b6d73228c96e17f1f794d8ab046fc910d781c8d151120c3f1569e/toml-0.10.2-py2.py3-none-any.whl
  sha256: 806143ae5bfb6a3c6e736a764057db0e6a0e05e338b5630894a5f779cabb4f9b
  requires_python: '>=2.6,!=3.0.*,!=3.1.*,!=3.2.*'
- kind: pypi
  name: tornado
  version: 6.4.1
  url: https://files.pythonhosted.org/packages/d9/2f/3f2f05e84a7aff787a96d5fb06821323feb370fe0baed4db6ea7b1088f32/tornado-6.4.1-cp38-abi3-win_amd64.whl
  sha256: b24b8982ed444378d7f21d563f4180a2de31ced9d8d84443907a0a64da2072e7
  requires_python: '>=3.8'
- kind: pypi
  name: typing-extensions
  version: 4.12.2
  url: https://files.pythonhosted.org/packages/26/9f/ad63fc0248c5379346306f8668cda6e2e2e9c95e01216d2b8ffd9ff037d0/typing_extensions-4.12.2-py3-none-any.whl
  sha256: 04e5ca0351e0f3f85c6853954072df659d0d13fac324d0072316b67d7794700d
  requires_python: '>=3.8'
- kind: pypi
  name: tzdata
  version: '2024.1'
  url: https://files.pythonhosted.org/packages/65/58/f9c9e6be752e9fcb8b6a0ee9fb87e6e7a1f6bcab2cdc73f02bb7ba91ada0/tzdata-2024.1-py2.py3-none-any.whl
  sha256: 9068bc196136463f5245e51efda838afa15aaeca9903f49050dfa2679db4d252
  requires_python: '>=2'
- kind: conda
  name: tzdata
  version: 2024a
  build: h8827d51_1
  build_number: 1
  subdir: noarch
  noarch: generic
  url: https://conda.anaconda.org/conda-forge/noarch/tzdata-2024a-h8827d51_1.conda
  sha256: 7d21c95f61319dba9209ca17d1935e6128af4235a67ee4e57a00908a1450081e
  md5: 8bfdead4e0fff0383ae4c9c50d0531bd
  license: LicenseRef-Public-Domain
  purls: []
  size: 124164
  timestamp: 1724736371498
- kind: conda
  name: ucrt
  version: 10.0.22621.0
  build: h57928b3_0
  subdir: win-64
  url: https://conda.anaconda.org/conda-forge/win-64/ucrt-10.0.22621.0-h57928b3_0.tar.bz2
  sha256: f29cdaf8712008f6b419b8b1a403923b00ab2504bfe0fb2ba8eb60e72d4f14c6
  md5: 72608f6cd3e5898229c3ea16deb1ac43
  constrains:
  - vs2015_runtime >=14.29.30037
  license: LicenseRef-Proprietary
  license_family: PROPRIETARY
  purls: []
  size: 1283972
  timestamp: 1666630199266
- kind: pypi
  name: urllib3
  version: 2.2.2
  url: https://files.pythonhosted.org/packages/ca/1c/89ffc63a9605b583d5df2be791a27bc1a42b7c32bab68d3c8f2f73a98cd4/urllib3-2.2.2-py3-none-any.whl
  sha256: a448b2f64d686155468037e1ace9f2d2199776e17f0a46610480d311f73e3472
  requires_dist:
  - brotli>=1.0.9 ; platform_python_implementation == 'CPython' and extra == 'brotli'
  - brotlicffi>=0.8.0 ; platform_python_implementation != 'CPython' and extra == 'brotli'
  - h2<5,>=4 ; extra == 'h2'
  - pysocks!=1.5.7,<2.0,>=1.5.6 ; extra == 'socks'
  - zstandard>=0.18.0 ; extra == 'zstd'
  requires_python: '>=3.8'
- kind: conda
  name: vc
  version: '14.3'
  build: h8a93ad2_20
  build_number: 20
  subdir: win-64
  url: https://conda.anaconda.org/conda-forge/win-64/vc-14.3-h8a93ad2_20.conda
  sha256: 23ac5feb15a9adf3ab2b8c4dcd63650f8b7ae860c5ceb073e49cf71d203eddef
  md5: 8558f367e1d7700554f7cdb823c46faf
  depends:
  - vc14_runtime >=14.40.33810
  track_features:
  - vc14
  license: BSD-3-Clause
  license_family: BSD
  purls: []
  size: 17391
  timestamp: 1717709040616
- kind: conda
  name: vc14_runtime
  version: 14.40.33810
  build: hcc2c482_20
  build_number: 20
  subdir: win-64
  url: https://conda.anaconda.org/conda-forge/win-64/vc14_runtime-14.40.33810-hcc2c482_20.conda
  sha256: bba8daa6f78b26b48fb7e1377eb52160e25495710bf53146c5f405bd50565982
  md5: ad33c7cd933d69b9dee0f48317cdf137
  depends:
  - ucrt >=10.0.20348.0
  constrains:
  - vs2015_runtime 14.40.33810.* *_20
  license: LicenseRef-ProprietaryMicrosoft
  license_family: Proprietary
  purls: []
  size: 751028
  timestamp: 1724712684919
- kind: conda
  name: vs2015_runtime
  version: 14.40.33810
  build: h3bf8584_20
  build_number: 20
  subdir: win-64
  url: https://conda.anaconda.org/conda-forge/win-64/vs2015_runtime-14.40.33810-h3bf8584_20.conda
  sha256: 0c2803f7a788c51f28235a7228dc2ab3f107b4b16ab0845a3e595c8c51e50a7a
  md5: c21f1b4a3a30bbc3ef35a50957578e0e
  depends:
  - vc14_runtime >=14.40.33810
  license: BSD-3-Clause
  license_family: BSD
  purls: []
  size: 17395
  timestamp: 1717709043353
- kind: pypi
  name: watchdog
  version: 4.0.2
  url: https://files.pythonhosted.org/packages/99/2e/b69dfaae7a83ea64ce36538cc103a3065e12c447963797793d5c0a1d5130/watchdog-4.0.2-py3-none-win_amd64.whl
  sha256: c344453ef3bf875a535b0488e3ad28e341adbd5a9ffb0f7d62cefacc8824ef2b
  requires_dist:
  - pyyaml>=3.10 ; extra == 'watchmedo'
  requires_python: '>=3.8'
- kind: conda
  name: xz
  version: 5.2.6
  build: h8d14728_0
  subdir: win-64
  url: https://conda.anaconda.org/conda-forge/win-64/xz-5.2.6-h8d14728_0.tar.bz2
  sha256: 54d9778f75a02723784dc63aff4126ff6e6749ba21d11a6d03c1f4775f269fe0
  md5: 515d77642eaa3639413c6b1bc3f94219
  depends:
  - vc >=14.1,<15
  - vs2015_runtime >=14.16.27033
  license: LGPL-2.1 and GPL-2.0
  purls: []
  size: 217804
  timestamp: 1660346976440
